
Microsoft Visual Studio Solution File, Format Version 12.00
# Visual Studio Version 17
VisualStudioVersion = 17.3.32901.215
MinimumVisualStudioVersion = 10.0.40219.1
Project("{FAE04EC0-301F-11D3-BF4B-00C04F79EFBC}") = "课程设计-药库管理", "课程设计-药库管理\课程设计-药库管理.csproj", "{2B058D18-7695-44E1-A663-A86AF5C8A283}"
EndProject
Global
	GlobalSection(SolutionConfigurationPlatforms) = preSolution
		Debug|Any CPU = Debug|Any CPU
		Release|Any CPU = Release|Any CPU
	EndGlobalSection
	GlobalSection(ProjectConfigurationPlatforms) = postSolution
		{2B058D18-7695-44E1-A663-A86AF5C8A283}.Debug|Any CPU.ActiveCfg = Debug|Any CPU
		{2B058D18-7695-44E1-A663-A86AF5C8A283}.Debug|Any CPU.Build.0 = Debug|Any CPU
		{2B058D18-7695-44E1-A663-A86AF5C8A283}.Release|Any CPU.ActiveCfg = Release|Any CPU
		{2B058D18-7695-44E1-A663-A86AF5C8A283}.Release|Any CPU.Build.0 = Release|Any CPU
	EndGlobalSection
	GlobalSection(SolutionProperties) = preSolution
		HideSolutionNode = FALSE
	EndGlobalSection
	GlobalSection(ExtensibilityGlobals) = postSolution
		SolutionGuid = {633CBC92-C226-4EC2-B459-5B28FBB1658F}
	EndGlobalSection
EndGlobal
